<?xml version="1.0" encoding="utf-8"?>
<Project ToolsVersion="4.0" xmlns="http://schemas.microsoft.com/developer/msbuild/2003">
  <ItemGroup>
    <ClCompile Include="GameHooks.cpp">
      <Filter>Source Files\Hooks</Filter>
    </ClCompile>
    <ClCompile Include="SysHooks.cpp">
      <Filter>Source Files\Hooks</Filter>
    </ClCompile>
    <ClCompile Include="NetConnect.cpp">
      <Filter>Source Files\Network</Filter>
    </ClCompile>
    <ClCompile Include="NetReq.cpp">
      <Filter>Source Files\Network</Filter>
    </ClCompile>
    <ClCompile Include="Utilities.cpp">
      <Filter>Source Files\Utilities</Filter>
    </ClCompile>
    <ClCompile Include="KeyVault.cpp">
      <Filter>Source Files\Utilities</Filter>
    </ClCompile>
    <ClCompile Include="HvPeekPoke.cpp">
      <Filter>Source Files\Utilities</Filter>
    </ClCompile>
    <ClCompile Include="HudHook.cpp">
      <Filter>Source Files\Hooks</Filter>
    </ClCompile>
    <ClCompile Include="ScnGuideInfo.cpp">
      <Filter>Source Files\UI</Filter>
    </ClCompile>
    <ClCompile Include="liveblock.cpp">
      <Filter>Source Files\Network</Filter>
    </ClCompile>
    <ClCompile Include="ScnPreferences.cpp">
      <Filter>Source Files\UI</Filter>
    </ClCompile>
    <ClCompile Include="ScnTab5.cpp">
      <Filter>Source Files\UI</Filter>
    </ClCompile>
    <ClCompile Include="INIReader.cpp">
      <Filter>Source Files\Utilities</Filter>
    </ClCompile>
    <ClCompile Include="Aimbot.cpp">
      <Filter>Source Files\Offhost</Filter>
    </ClCompile>
    <ClCompile Include="BO3.cpp">
      <Filter>Source Files\Offhost</Filter>
    </ClCompile>
    <ClCompile Include="XEX.cpp">
      <Filter>Source Files\Main</Filter>
    </ClCompile>
  </ItemGroup>
  <ItemGroup>
    <ClInclude Include="GameHooks.h">
      <Filter>Header Files\Hooks</Filter>
    </ClInclude>
    <ClInclude Include="SysHooks.h">
      <Filter>Header Files\Hooks</Filter>
    </ClInclude>
    <ClInclude Include="NetConnect.h">
      <Filter>Header Files\Network</Filter>
    </ClInclude>
    <ClInclude Include="NetReq.h">
      <Filter>Header Files\Network</Filter>
    </ClInclude>
    <ClInclude Include="Utilities.h">
      <Filter>Header Files\Utilities</Filter>
    </ClInclude>
    <ClInclude Include="KeyVault.h">
      <Filter>Header Files\Utilities</Filter>
    </ClInclude>
    <ClInclude Include="HvPeekPoke.h">
      <Filter>Header Files\Utilities</Filter>
    </ClInclude>
    <ClInclude Include="HudHook.h">
      <Filter>Header Files\Hooks</Filter>
    </ClInclude>
    <ClInclude Include="ScnGuideInfo.h">
      <Filter>Header Files\UI</Filter>
    </ClInclude>
    <ClInclude Include="ScnPreferences.h">
      <Filter>Header Files\UI</Filter>
    </ClInclude>
    <ClInclude Include="ScnTab5.h">
      <Filter>Header Files\UI</Filter>
    </ClInclude>
    <ClInclude Include="liveblock.h">
      <Filter>Header Files\Network</Filter>
    </ClInclude>
    <ClInclude Include="Config.h">
      <Filter>Header Files\Main</Filter>
    </ClInclude>
    <ClInclude Include="INIReader.h">
      <Filter>Header Files\Utilities</Filter>
    </ClInclude>
    <ClInclude Include="stdafx.h">
      <Filter>Header Files\Main</Filter>
    </ClInclude>
    <ClInclude Include="INISettings.h">
      <Filter>Header Files\UI</Filter>
    </ClInclude>
    <ClInclude Include="Aimbot.h">
      <Filter>Source Files\Offhost</Filter>
    </ClInclude>
    <ClInclude Include="BO3 Defines.h">
      <Filter>Source Files\Offhost</Filter>
    </ClInclude>
    <ClInclude Include="Vector.h">
      <Filter>Source Files\Offhost</Filter>
    </ClInclude>
    <ClInclude Include="B03.h">
      <Filter>Header Files\Hooks</Filter>
    </ClInclude>
  </ItemGroup>
  <ItemGroup>
    <Filter Include="Source Files">
      <UniqueIdentifier>{c1aec18e-39f4-4d71-9e38-96982f9cc0c5}</UniqueIdentifier>
    </Filter>
    <Filter Include="Header Files">
      <UniqueIdentifier>{16d2a2d3-907a-4acb-ad7d-182449dd7670}</UniqueIdentifier>
    </Filter>
    <Filter Include="Header Files\Hooks">
      <UniqueIdentifier>{9f02461d-3ef0-4741-b726-ece988d5d66c}</UniqueIdentifier>
    </Filter>
    <Filter Include="Header Files\Network">
      <UniqueIdentifier>{901540ba-1cda-439a-98bb-cefe68120b17}</UniqueIdentifier>
    </Filter>
    <Filter Include="Header Files\Utilities">
      <UniqueIdentifier>{72012b07-9c4d-4375-b103-451ea12f4437}</UniqueIdentifier>
    </Filter>
    <Filter Include="Source Files\Hooks">
      <UniqueIdentifier>{0aa9fc71-aea4-4407-a1f6-96e05a303ea2}</UniqueIdentifier>
    </Filter>
    <Filter Include="Source Files\Network">
      <UniqueIdentifier>{59eb71f0-3ad6-4718-a9c2-eefa775b0bd8}</UniqueIdentifier>
    </Filter>
    <Filter Include="Source Files\Main">
      <UniqueIdentifier>{f821cd11-731e-4d20-ac0f-f130cd4bd958}</UniqueIdentifier>
    </Filter>
    <Filter Include="Source Files\UI">
      <UniqueIdentifier>{aeb51e15-baaa-4e6e-87e1-93437c24030e}</UniqueIdentifier>
    </Filter>
    <Filter Include="Header Files\Main">
      <UniqueIdentifier>{b87552cd-8819-4453-819c-ba35fdb97e41}</UniqueIdentifier>
    </Filter>
    <Filter Include="Header Files\UI">
      <UniqueIdentifier>{1f7fce88-c727-4df2-a40e-e352d4784a65}</UniqueIdentifier>
    </Filter>
    <Filter Include="Source Files\Offhost">
      <UniqueIdentifier>{76581308-81be-40a2-9fc0-ad529ee6783c}</UniqueIdentifier>
    </Filter>
    <Filter Include="Source Files\Utilities">
      <UniqueIdentifier>{115bf187-0083-4f93-bfe9-30c0d8c7d733}</UniqueIdentifier>
    </Filter>
  </ItemGroup>
  <ItemGroup>
    <None Include="XEX.def">
      <Filter>Source Files\Utilities</Filter>
    </None>
    <None Include="XEX.xml">
      <Filter>Source Files\Utilities</Filter>
    </None>
  </ItemGroup>
</Project>